
Microsoft Visual Studio Solution File, Format Version 12.00
# Visual Studio Version 17
VisualStudioVersion = 17.5.002.0
MinimumVisualStudioVersion = 10.0.40219.1
Project("{9A19103F-16F7-4668-BE54-9A1E7A4F7556}") = "FinanceController.Domain", "FinanceController.Domain\FinanceController.Domain.csproj", "{DA33F932-F91E-4886-A7B5-93EE91669519}"
EndProject
Project("{9A19103F-16F7-4668-BE54-9A1E7A4F7556}") = "FinanceController.Domain.Api", "FinanceController.Domain.Api\FinanceController.Domain.Api.csproj", "{7EFFBAC0-4659-4B31-922F-ED6BE7CCD03B}"
EndProject
Project("{9A19103F-16F7-4668-BE54-9A1E7A4F7556}") = "FinanceController.Domain.Infra", "FinanceController.Domain.Infra\FinanceController.Domain.Infra.csproj", "{9C0B7B67-26EB-4FA0-940A-55FF433AD6F5}"
EndProject
Project("{9A19103F-16F7-4668-BE54-9A1E7A4F7556}") = "FinanceController.Domain.Shared", "FinanceController.Domain.Shared\FinanceController.Domain.Shared.csproj", "{DDB6D329-4009-4532-96E1-64C800D77FDA}"
EndProject
Project("{9A19103F-16F7-4668-BE54-9A1E7A4F7556}") = "FinanceController.Domain.Test", "FinanceController.Domain.Test\FinanceController.Domain.Test.csproj", "{41DB0343-7F05-4B77-945B-21D178389871}"
EndProject
Global
	GlobalSection(SolutionConfigurationPlatforms) = preSolution
		Debug|Any CPU = Debug|Any CPU
		Release|Any CPU = Release|Any CPU
	EndGlobalSection
	GlobalSection(ProjectConfigurationPlatforms) = postSolution
		{DA33F932-F91E-4886-A7B5-93EE91669519}.Debug|Any CPU.ActiveCfg = Debug|Any CPU
		{DA33F932-F91E-4886-A7B5-93EE91669519}.Debug|Any CPU.Build.0 = Debug|Any CPU
		{DA33F932-F91E-4886-A7B5-93EE91669519}.Release|Any CPU.ActiveCfg = Release|Any CPU
		{DA33F932-F91E-4886-A7B5-93EE91669519}.Release|Any CPU.Build.0 = Release|Any CPU
		{7EFFBAC0-4659-4B31-922F-ED6BE7CCD03B}.Debug|Any CPU.ActiveCfg = Debug|Any CPU
		{7EFFBAC0-4659-4B31-922F-ED6BE7CCD03B}.Debug|Any CPU.Build.0 = Debug|Any CPU
		{7EFFBAC0-4659-4B31-922F-ED6BE7CCD03B}.Release|Any CPU.ActiveCfg = Release|Any CPU
		{7EFFBAC0-4659-4B31-922F-ED6BE7CCD03B}.Release|Any CPU.Build.0 = Release|Any CPU
		{9C0B7B67-26EB-4FA0-940A-55FF433AD6F5}.Debug|Any CPU.ActiveCfg = Debug|Any CPU
		{9C0B7B67-26EB-4FA0-940A-55FF433AD6F5}.Debug|Any CPU.Build.0 = Debug|Any CPU
		{9C0B7B67-26EB-4FA0-940A-55FF433AD6F5}.Release|Any CPU.ActiveCfg = Release|Any CPU
		{9C0B7B67-26EB-4FA0-940A-55FF433AD6F5}.Release|Any CPU.Build.0 = Release|Any CPU
		{DDB6D329-4009-4532-96E1-64C800D77FDA}.Debug|Any CPU.ActiveCfg = Debug|Any CPU
		{DDB6D329-4009-4532-96E1-64C800D77FDA}.Debug|Any CPU.Build.0 = Debug|Any CPU
		{DDB6D329-4009-4532-96E1-64C800D77FDA}.Release|Any CPU.ActiveCfg = Release|Any CPU
		{DDB6D329-4009-4532-96E1-64C800D77FDA}.Release|Any CPU.Build.0 = Release|Any CPU
		{41DB0343-7F05-4B77-945B-21D178389871}.Debug|Any CPU.ActiveCfg = Debug|Any CPU
		{41DB0343-7F05-4B77-945B-21D178389871}.Debug|Any CPU.Build.0 = Debug|Any CPU
		{41DB0343-7F05-4B77-945B-21D178389871}.Release|Any CPU.ActiveCfg = Release|Any CPU
		{41DB0343-7F05-4B77-945B-21D178389871}.Release|Any CPU.Build.0 = Release|Any CPU
	EndGlobalSection
	GlobalSection(SolutionProperties) = preSolution
		HideSolutionNode = FALSE
	EndGlobalSection
	GlobalSection(ExtensibilityGlobals) = postSolution
		SolutionGuid = {50B322C0-16FD-4C42-8C69-8832CD5CFC5F}
	EndGlobalSection
EndGlobal
